
Microsoft Visual Studio Solution File, Format Version 12.00
# Visual Studio Version 16
VisualStudioVersion = 16.0.31313.79
MinimumVisualStudioVersion = 10.0.40219.1
Project("{9A19103F-16F7-4668-BE54-9A1E7A4F7556}") = "Library", "Library\Library.csproj", "{A2B13FEC-857C-4302-A2FF-AB6FDF187F69}"
EndProject
Project("{FAE04EC0-301F-11D3-BF4B-00C04F79EFBC}") = "LibraryDTOs", "LibraryDTOs\LibraryDTOs.csproj", "{414957F5-171C-42D4-93CA-6700A5989D7C}"
EndProject
Project("{FAE04EC0-301F-11D3-BF4B-00C04F79EFBC}") = "Utils", "Utils\Utils.csproj", "{5797FF77-E247-4086-A25C-7F50750B6CDA}"
EndProject
Global
	GlobalSection(SolutionConfigurationPlatforms) = preSolution
		Debug|Any CPU = Debug|Any CPU
		Release|Any CPU = Release|Any CPU
	EndGlobalSection
	GlobalSection(ProjectConfigurationPlatforms) = postSolution
		{A2B13FEC-857C-4302-A2FF-AB6FDF187F69}.Debug|Any CPU.ActiveCfg = Debug|Any CPU
		{A2B13FEC-857C-4302-A2FF-AB6FDF187F69}.Debug|Any CPU.Build.0 = Debug|Any CPU
		{A2B13FEC-857C-4302-A2FF-AB6FDF187F69}.Release|Any CPU.ActiveCfg = Release|Any CPU
		{A2B13FEC-857C-4302-A2FF-AB6FDF187F69}.Release|Any CPU.Build.0 = Release|Any CPU
		{414957F5-171C-42D4-93CA-6700A5989D7C}.Debug|Any CPU.ActiveCfg = Debug|Any CPU
		{414957F5-171C-42D4-93CA-6700A5989D7C}.Debug|Any CPU.Build.0 = Debug|Any CPU
		{414957F5-171C-42D4-93CA-6700A5989D7C}.Release|Any CPU.ActiveCfg = Release|Any CPU
		{414957F5-171C-42D4-93CA-6700A5989D7C}.Release|Any CPU.Build.0 = Release|Any CPU
		{5797FF77-E247-4086-A25C-7F50750B6CDA}.Debug|Any CPU.ActiveCfg = Debug|Any CPU
		{5797FF77-E247-4086-A25C-7F50750B6CDA}.Debug|Any CPU.Build.0 = Debug|Any CPU
		{5797FF77-E247-4086-A25C-7F50750B6CDA}.Release|Any CPU.ActiveCfg = Release|Any CPU
		{5797FF77-E247-4086-A25C-7F50750B6CDA}.Release|Any CPU.Build.0 = Release|Any CPU
	EndGlobalSection
	GlobalSection(SolutionProperties) = preSolution
		HideSolutionNode = FALSE
	EndGlobalSection
	GlobalSection(ExtensibilityGlobals) = postSolution
		SolutionGuid = {125967AF-E6E8-4A46-8B7D-207D47BEFEB8}
	EndGlobalSection
EndGlobal
